
Microsoft Visual Studio Solution File, Format Version 12.00
# Visual Studio Version 16
VisualStudioVersion = 16.0.31321.278
MinimumVisualStudioVersion = 10.0.40219.1
Project("{FAE04EC0-301F-11D3-BF4B-00C04F79EFBC}") = "IISAppPoolRecycle", "IISAppPoolRecycle\IISAppPoolRecycle.csproj", "{8D0F5F0A-0314-471C-8940-E89E57A641A4}"
EndProject
Global
	GlobalSection(SolutionConfigurationPlatforms) = preSolution
		Debug|Any CPU = Debug|Any CPU
		Release|Any CPU = Release|Any CPU
	EndGlobalSection
	GlobalSection(ProjectConfigurationPlatforms) = postSolution
		{8D0F5F0A-0314-471C-8940-E89E57A641A4}.Debug|Any CPU.ActiveCfg = Debug|Any CPU
		{8D0F5F0A-0314-471C-8940-E89E57A641A4}.Debug|Any CPU.Build.0 = Debug|Any CPU
		{8D0F5F0A-0314-471C-8940-E89E57A641A4}.Release|Any CPU.ActiveCfg = Release|Any CPU
		{8D0F5F0A-0314-471C-8940-E89E57A641A4}.Release|Any CPU.Build.0 = Release|Any CPU
	EndGlobalSection
	GlobalSection(SolutionProperties) = preSolution
		HideSolutionNode = FALSE
	EndGlobalSection
	GlobalSection(ExtensibilityGlobals) = postSolution
		SolutionGuid = {FC2E2B77-F57F-43E7-B350-BBAEBEF6F495}
	EndGlobalSection
EndGlobal
